
Microsoft Visual Studio Solution File, Format Version 12.00
# Visual Studio Version 16
VisualStudioVersion = 16.0.29613.14
MinimumVisualStudioVersion = 10.0.40219.1
Project("{FAE04EC0-301F-11D3-BF4B-00C04F79EFBC}") = "CnTest2_2", "CnTest2_2.csproj", "{643BCB07-C36B-416B-A5A5-F47FE4BE8CAE}"
EndProject
Global
	GlobalSection(SolutionConfigurationPlatforms) = preSolution
		Debug|Any CPU = Debug|Any CPU
		Release|Any CPU = Release|Any CPU
	EndGlobalSection
	GlobalSection(ProjectConfigurationPlatforms) = postSolution
		{643BCB07-C36B-416B-A5A5-F47FE4BE8CAE}.Debug|Any CPU.ActiveCfg = Debug|Any CPU
		{643BCB07-C36B-416B-A5A5-F47FE4BE8CAE}.Debug|Any CPU.Build.0 = Debug|Any CPU
		{643BCB07-C36B-416B-A5A5-F47FE4BE8CAE}.Release|Any CPU.ActiveCfg = Release|Any CPU
		{643BCB07-C36B-416B-A5A5-F47FE4BE8CAE}.Release|Any CPU.Build.0 = Release|Any CPU
	EndGlobalSection
	GlobalSection(SolutionProperties) = preSolution
		HideSolutionNode = FALSE
	EndGlobalSection
	GlobalSection(ExtensibilityGlobals) = postSolution
		SolutionGuid = {85CE5B3B-3CE7-4087-AF9A-4502A0C01DAD}
	EndGlobalSection
EndGlobal
